PODS:
  - Flutter (1.0.0)
  - flutter_map_view (0.0.1):
    - Flutter

DEPENDENCIES:
  - Flutter (from `.symlinks/flutter/ios-release`)
  - flutter_map_view (from `.symlinks/plugins/flutter_map_view/ios`)

EXTERNAL SOURCES:
  Flutter:
    :path: ".symlinks/flutter/ios-release"
  flutter_map_view:
    :path: ".symlinks/plugins/flutter_map_view/ios"

SPEC CHECKSUMS:
  Flutter: 58dd7d1b27887414a370fcccb9e645c08ffd7a6a
  flutter_map_view: eccd2086435fa73d924e654481199e8e96237fa1

PODFILE CHECKSUM: 647cf8d688f93b557da617902e94b45a54e9035e

COCOAPODS: 1.7.4
